
Microsoft Visual Studio Solution File, Format Version 12.00
# Visual Studio Version 17
VisualStudioVersion = 17.8.34330.188
MinimumVisualStudioVersion = 10.0.40219.1
Project("{9A19103F-16F7-4668-BE54-9A1E7A4F7556}") = "github-actions-demo", "github-actions-demo\github-actions-demo.csproj", "{74F04177-EE4B-49AF-96D9-558FED62E613}"
EndProject
Project("{2150E333-8FDC-42A3-9474-1A3956D46DE8}") = "Solution Items", "Solution Items", "{5D76816F-8563-4763-91E0-97E85D5C9A92}"
	ProjectSection(SolutionItems) = preProject
		.github\workflows\build-app.yml = .github\workflows\build-app.yml
		.gitignore = .gitignore
	EndProjectSection
EndProject
Global
	GlobalSection(SolutionConfigurationPlatforms) = preSolution
		Debug|Any CPU = Debug|Any CPU
		Release|Any CPU = Release|Any CPU
	EndGlobalSection
	GlobalSection(ProjectConfigurationPlatforms) = postSolution
		{74F04177-EE4B-49AF-96D9-558FED62E613}.Debug|Any CPU.ActiveCfg = Debug|Any CPU
		{74F04177-EE4B-49AF-96D9-558FED62E613}.Debug|Any CPU.Build.0 = Debug|Any CPU
		{74F04177-EE4B-49AF-96D9-558FED62E613}.Release|Any CPU.ActiveCfg = Release|Any CPU
		{74F04177-EE4B-49AF-96D9-558FED62E613}.Release|Any CPU.Build.0 = Release|Any CPU
	EndGlobalSection
	GlobalSection(SolutionProperties) = preSolution
		HideSolutionNode = FALSE
	EndGlobalSection
	GlobalSection(ExtensibilityGlobals) = postSolution
		SolutionGuid = {5106554C-9B46-4408-A7CD-889E9C50B4BE}
	EndGlobalSection
EndGlobal
