
Microsoft Visual Studio Solution File, Format Version 12.00
# Visual Studio Version 17
VisualStudioVersion = 17.8.34330.188
MinimumVisualStudioVersion = 10.0.40219.1
Project("{FAE04EC0-301F-11D3-BF4B-00C04F79EFBC}") = "github-actions", "github-actions\github-actions.csproj", "{059CCC4E-FC4D-43B9-B4BA-E95BCEF95805}"
EndProject
Project("{2150E333-8FDC-42A3-9474-1A3956D46DE8}") = "Solution Items", "Solution Items", "{6C52BF96-4D1A-4525-9A9B-1E68E54927EF}"
	ProjectSection(SolutionItems) = preProject
		..\.github\workflows\build-app.yml = ..\.github\workflows\build-app.yml
		..\.gitignore = ..\.gitignore
	EndProjectSection
EndProject
Global
	GlobalSection(SolutionConfigurationPlatforms) = preSolution
		Debug|Any CPU = Debug|Any CPU
		Release|Any CPU = Release|Any CPU
	EndGlobalSection
	GlobalSection(ProjectConfigurationPlatforms) = postSolution
		{059CCC4E-FC4D-43B9-B4BA-E95BCEF95805}.Debug|Any CPU.ActiveCfg = Debug|Any CPU
		{059CCC4E-FC4D-43B9-B4BA-E95BCEF95805}.Debug|Any CPU.Build.0 = Debug|Any CPU
		{059CCC4E-FC4D-43B9-B4BA-E95BCEF95805}.Release|Any CPU.ActiveCfg = Release|Any CPU
		{059CCC4E-FC4D-43B9-B4BA-E95BCEF95805}.Release|Any CPU.Build.0 = Release|Any CPU
	EndGlobalSection
	GlobalSection(SolutionProperties) = preSolution
		HideSolutionNode = FALSE
	EndGlobalSection
	GlobalSection(ExtensibilityGlobals) = postSolution
		SolutionGuid = {07887EC0-EE04-47D1-8224-25B00075A3AC}
	EndGlobalSection
EndGlobal
